
Microsoft Visual Studio Solution File, Format Version 12.00
# Visual Studio 15
Project("{FAE04EC0-301F-11D3-BF4B-00C04F79EFBC}") = "Assembly-CSharp", "Assembly-CSharp.csproj", "{A5899C96-7CBC-0EC7-9696-8104D162128D}"
EndProject
Project("{FAE04EC0-301F-11D3-BF4B-00C04F79EFBC}") = "Assembly-CSharp-firstpass", "Assembly-CSharp-firstpass.csproj", "{C9EBF202-B2D1-775B-1C5D-3ED0F4E9433B}"
EndProject
Project("{FAE04EC0-301F-11D3-BF4B-00C04F79EFBC}") = "Assembly-CSharp-Editor-firstpass", "Assembly-CSharp-Editor-firstpass.csproj", "{34DAABF6-20A7-0709-528E-AAE45DE11588}"
EndProject
Global
	GlobalSection(SolutionConfigurationPlatforms) = preSolution
		Debug|Any CPU = Debug|Any CPU
		Release|Any CPU = Release|Any CPU
	EndGlobalSection
	GlobalSection(ProjectConfigurationPlatforms) = postSolution
		{A5899C96-7CBC-0EC7-9696-8104D162128D}.Debug|Any CPU.ActiveCfg = Debug|Any CPU
		{A5899C96-7CBC-0EC7-9696-8104D162128D}.Debug|Any CPU.Build.0 = Debug|Any CPU
		{A5899C96-7CBC-0EC7-9696-8104D162128D}.Release|Any CPU.ActiveCfg = Release|Any CPU
		{A5899C96-7CBC-0EC7-9696-8104D162128D}.Release|Any CPU.Build.0 = Release|Any CPU
		{C9EBF202-B2D1-775B-1C5D-3ED0F4E9433B}.Debug|Any CPU.ActiveCfg = Debug|Any CPU
		{C9EBF202-B2D1-775B-1C5D-3ED0F4E9433B}.Debug|Any CPU.Build.0 = Debug|Any CPU
		{C9EBF202-B2D1-775B-1C5D-3ED0F4E9433B}.Release|Any CPU.ActiveCfg = Release|Any CPU
		{C9EBF202-B2D1-775B-1C5D-3ED0F4E9433B}.Release|Any CPU.Build.0 = Release|Any CPU
		{34DAABF6-20A7-0709-528E-AAE45DE11588}.Debug|Any CPU.ActiveCfg = Debug|Any CPU
		{34DAABF6-20A7-0709-528E-AAE45DE11588}.Debug|Any CPU.Build.0 = Debug|Any CPU
		{34DAABF6-20A7-0709-528E-AAE45DE11588}.Release|Any CPU.ActiveCfg = Release|Any CPU
		{34DAABF6-20A7-0709-528E-AAE45DE11588}.Release|Any CPU.Build.0 = Release|Any CPU
	EndGlobalSection
	GlobalSection(SolutionProperties) = preSolution
		HideSolutionNode = FALSE
	EndGlobalSection
EndGlobal
